
Microsoft Visual Studio Solution File, Format Version 12.00
# Visual Studio Express 2012 for Windows Desktop
Project("{8BC9CEB8-8B4A-11D0-8D11-00A0C91BC942}") = "task1", "task1\task1.vcxproj", "{E7A2C8FF-7E0B-4197-8D05-38B0F9D8388F}"
EndProject
Project("{8BC9CEB8-8B4A-11D0-8D11-00A0C91BC942}") = "task2", "task2\task2.vcxproj", "{F6AD871B-713A-4730-B9F6-256DE23414E0}"
EndProject
Project("{8BC9CEB8-8B4A-11D0-8D11-00A0C91BC942}") = "task3", "task3\task3.vcxproj", "{08A55FEB-832A-4B93-A7D8-269C340E8956}"
EndProject
Project("{8BC9CEB8-8B4A-11D0-8D11-00A0C91BC942}") = "task4", "task4\task4.vcxproj", "{18A8C594-3DD1-45D2-A74C-4E39F5AF7C31}"
EndProject
Project("{8BC9CEB8-8B4A-11D0-8D11-00A0C91BC942}") = "task5", "task5\task5.vcxproj", "{CFA472A5-83EF-4485-8412-63B701FD7F23}"
EndProject
Global
	GlobalSection(SolutionConfigurationPlatforms) = preSolution
		Debug|Win32 = Debug|Win32
		Release|Win32 = Release|Win32
	EndGlobalSection
	GlobalSection(ProjectConfigurationPlatforms) = postSolution
		{13C88879-B15B-4F6D-BCB2-02ACC7827D62}.Debug|Win32.ActiveCfg = Debug|Win32
		{13C88879-B15B-4F6D-BCB2-02ACC7827D62}.Debug|Win32.Build.0 = Debug|Win32
		{13C88879-B15B-4F6D-BCB2-02ACC7827D62}.Release|Win32.ActiveCfg = Release|Win32
		{13C88879-B15B-4F6D-BCB2-02ACC7827D62}.Release|Win32.Build.0 = Release|Win32
		{C458C001-B9FC-44BF-9B2A-35C1B56133D6}.Debug|Win32.ActiveCfg = Debug|Win32
		{C458C001-B9FC-44BF-9B2A-35C1B56133D6}.Debug|Win32.Build.0 = Debug|Win32
		{C458C001-B9FC-44BF-9B2A-35C1B56133D6}.Release|Win32.ActiveCfg = Release|Win32
		{C458C001-B9FC-44BF-9B2A-35C1B56133D6}.Release|Win32.Build.0 = Release|Win32
		{61E5837A-4AA0-4CC9-9003-FA81A04A1381}.Debug|Win32.ActiveCfg = Debug|Win32
		{61E5837A-4AA0-4CC9-9003-FA81A04A1381}.Debug|Win32.Build.0 = Debug|Win32
		{61E5837A-4AA0-4CC9-9003-FA81A04A1381}.Release|Win32.ActiveCfg = Release|Win32
		{61E5837A-4AA0-4CC9-9003-FA81A04A1381}.Release|Win32.Build.0 = Release|Win32
		{B0946292-7C54-428D-839A-08DB55E259DA}.Debug|Win32.ActiveCfg = Debug|Win32
		{B0946292-7C54-428D-839A-08DB55E259DA}.Debug|Win32.Build.0 = Debug|Win32
		{B0946292-7C54-428D-839A-08DB55E259DA}.Release|Win32.ActiveCfg = Release|Win32
		{B0946292-7C54-428D-839A-08DB55E259DA}.Release|Win32.Build.0 = Release|Win32
		{00CE8554-6EC1-4E84-ADCA-BEEBF98576E0}.Debug|Win32.ActiveCfg = Debug|Win32
		{00CE8554-6EC1-4E84-ADCA-BEEBF98576E0}.Debug|Win32.Build.0 = Debug|Win32
		{00CE8554-6EC1-4E84-ADCA-BEEBF98576E0}.Release|Win32.ActiveCfg = Release|Win32
		{00CE8554-6EC1-4E84-ADCA-BEEBF98576E0}.Release|Win32.Build.0 = Release|Win32
		{E9B71E56-3841-4CB9-93EB-6D44D582FE79}.Debug|Win32.ActiveCfg = Debug|Win32
		{E9B71E56-3841-4CB9-93EB-6D44D582FE79}.Debug|Win32.Build.0 = Debug|Win32
		{E9B71E56-3841-4CB9-93EB-6D44D582FE79}.Release|Win32.ActiveCfg = Release|Win32
		{E9B71E56-3841-4CB9-93EB-6D44D582FE79}.Release|Win32.Build.0 = Release|Win32
	EndGlobalSection
	GlobalSection(SolutionProperties) = preSolution
		HideSolutionNode = FALSE
	EndGlobalSection
EndGlobal
